// !$*UTF8*$!
{
	archiveVersion = 1;
	classes = {
	};
	objectVersion = 46;
	objects = {

/* Begin PBXBuildFile section */
		15AD6DCE1F6101FB00DEFA98 /* AlbumListController.swift in Sources */ = {isa = PBXBuildFile; fileRef = 15AD6DCD1F6101FB00DEFA98 /* AlbumListController.swift */; };
		15AD6DD01F61029700DEFA98 /* AlbumCell.swift in Sources */ = {isa = PBXBuildFile; fileRef = 15AD6DCF1F61029700DEFA98 /* AlbumCell.swift */; };
		15AD6DD21F61041100DEFA98 /* AlbumListDataSource.swift in Sources */ = {isa = PBXBuildFile; fileRef = 15AD6DD11F61041100DEFA98 /* AlbumListDataSource.swift */; };
		15AD6DD51F61050C00DEFA98 /* AlbumCellViewModel.swift in Sources */ = {isa = PBXBuildFile; fileRef = 15AD6DD41F61050C00DEFA98 /* AlbumCellViewModel.swift */; };
		15AD6DD71F610B7800DEFA98 /* AlbumDetailController.swift in Sources */ = {isa = PBXBuildFile; fileRef = 15AD6DD61F610B7800DEFA98 /* AlbumDetailController.swift */; };
		15AD6DD91F610C8700DEFA98 /* AlbumDetailViewModel.swift in Sources */ = {isa = PBXBuildFile; fileRef = 15AD6DD81F610C8700DEFA98 /* AlbumDetailViewModel.swift */; };
		15AD6DDB1F610E6200DEFA98 /* AlbumDetailDataSource.swift in Sources */ = {isa = PBXBuildFile; fileRef = 15AD6DDA1F610E6200DEFA98 /* AlbumDetailDataSource.swift */; };
		15AD6DDD1F610ED000DEFA98 /* SongCell.swift in Sources */ = {isa = PBXBuildFile; fileRef = 15AD6DDC1F610ED000DEFA98 /* SongCell.swift */; };
		15AD6DDF1F610F5C00DEFA98 /* SongViewModel.swift in Sources */ = {isa = PBXBuildFile; fileRef = 15AD6DDE1F610F5C00DEFA98 /* SongViewModel.swift */; };
		15DCDEDB1F5F68AA009E202B /* Stub.swift in Sources */ = {isa = PBXBuildFile; fileRef = 15DCDEDA1F5F68AA009E202B /* Stub.swift */; };
		15DCDEDD1F5F6A4A009E202B /* SearchResultsController.swift in Sources */ = {isa = PBXBuildFile; fileRef = 15DCDEDC1F5F6A4A009E202B /* SearchResultsController.swift */; };
		15DCDEE01F5F6D01009E202B /* SearchResultsDataSource.swift in Sources */ = {isa = PBXBuildFile; fileRef = 15DCDEDF1F5F6D01009E202B /* SearchResultsDataSource.swift */; };
		15FD59181F5F6371000CA7D9 /* AppDelegate.swift in Sources */ = {isa = PBXBuildFile; fileRef = 15FD59171F5F6371000CA7D9 /* AppDelegate.swift */; };
		15FD591A1F5F6371000CA7D9 /* ViewController.swift in Sources */ = {isa = PBXBuildFile; fileRef = 15FD59191F5F6371000CA7D9 /* ViewController.swift */; };
		15FD591D1F5F6371000CA7D9 /* Main.storyboard in Resources */ = {isa = PBXBuildFile; fileRef = 15FD591B1F5F6371000CA7D9 /* Main.storyboard */; };
		15FD591F1F5F6371000CA7D9 /* Assets.xcassets in Resources */ = {isa = PBXBuildFile; fileRef = 15FD591E1F5F6371000CA7D9 /* Assets.xcassets */; };
		15FD59221F5F6371000CA7D9 /* LaunchScreen.storyboard in Resources */ = {isa = PBXBuildFile; fileRef = 15FD59201F5F6371000CA7D9 /* LaunchScreen.storyboard */; };
		15FD592D1F5F6398000CA7D9 /* Artist.swift in Sources */ = {isa = PBXBuildFile; fileRef = 15FD592C1F5F6398000CA7D9 /* Artist.swift */; };
		15FD592F1F5F63EE000CA7D9 /* Genre.swift in Sources */ = {isa = PBXBuildFile; fileRef = 15FD592E1F5F63EE000CA7D9 /* Genre.swift */; };
		15FD59311F5F6448000CA7D9 /* Album.swift in Sources */ = {isa = PBXBuildFile; fileRef = 15FD59301F5F6448000CA7D9 /* Album.swift */; };
		15FD59331F5F6699000CA7D9 /* Song.swift in Sources */ = {isa = PBXBuildFile; fileRef = 15FD59321F5F6699000CA7D9 /* Song.swift */; };
/* End PBXBuildFile section */

/* Begin PBXFileReference section */
		15AD6DCD1F6101FB00DEFA98 /* AlbumListController.swift */ = {isa = PBXFileReference; fileEncoding = 4; lastKnownFileType = sourcecode.swift; path = AlbumListController.swift; sourceTree = "<group>"; };
		15AD6DCF1F61029700DEFA98 /* AlbumCell.swift */ = {isa = PBXFileReference; fileEncoding = 4; lastKnownFileType = sourcecode.swift; path = AlbumCell.swift; sourceTree = "<group>"; };
		15AD6DD11F61041100DEFA98 /* AlbumListDataSource.swift */ = {isa = PBXFileReference; fileEncoding = 4; lastKnownFileType = sourcecode.swift; path = AlbumListDataSource.swift; sourceTree = "<group>"; };
		15AD6DD41F61050C00DEFA98 /* AlbumCellViewModel.swift */ = {isa = PBXFileReference; fileEncoding = 4; lastKnownFileType = sourcecode.swift; path = AlbumCellViewModel.swift; sourceTree = "<group>"; };
		15AD6DD61F610B7800DEFA98 /* AlbumDetailController.swift */ = {isa = PBXFileReference; fileEncoding = 4; lastKnownFileType = sourcecode.swift; path = AlbumDetailController.swift; sourceTree = "<group>"; };
		15AD6DD81F610C8700DEFA98 /* AlbumDetailViewModel.swift */ = {isa = PBXFileReference; fileEncoding = 4; lastKnownFileType = sourcecode.swift; path = AlbumDetailViewModel.swift; sourceTree = "<group>"; };
		15AD6DDA1F610E6200DEFA98 /* AlbumDetailDataSource.swift */ = {isa = PBXFileReference; fileEncoding = 4; lastKnownFileType = sourcecode.swift; path = AlbumDetailDataSource.swift; sourceTree = "<group>"; };
		15AD6DDC1F610ED000DEFA98 /* SongCell.swift */ = {isa = PBXFileReference; fileEncoding = 4; lastKnownFileType = sourcecode.swift; path = SongCell.swift; sourceTree = "<group>"; };
		15AD6DDE1F610F5C00DEFA98 /* SongViewModel.swift */ = {isa = PBXFileReference; fileEncoding = 4; lastKnownFileType = sourcecode.swift; path = SongViewModel.swift; sourceTree = "<group>"; };
		15DCDEDA1F5F68AA009E202B /* Stub.swift */ = {isa = PBXFileReference; fileEncoding = 4; lastKnownFileType = sourcecode.swift; path = Stub.swift; sourceTree = "<group>"; };
		15DCDEDC1F5F6A4A009E202B /* SearchResultsController.swift */ = {isa = PBXFileReference; fileEncoding = 4; lastKnownFileType = sourcecode.swift; path = SearchResultsController.swift; sourceTree = "<group>"; };
		15DCDEDF1F5F6D01009E202B /* SearchResultsDataSource.swift */ = {isa = PBXFileReference; fileEncoding = 4; lastKnownFileType = sourcecode.swift; path = SearchResultsDataSource.swift; sourceTree = "<group>"; };
		15FD59141F5F6371000CA7D9 /* SearchTunes.app */ = {isa = PBXFileReference; explicitFileType = wrapper.application; includeInIndex = 0; path = SearchTunes.app; sourceTree = BUILT_PRODUCTS_DIR; };
		15FD59171F5F6371000CA7D9 /* AppDelegate.swift */ = {isa = PBXFileReference; lastKnownFileType = sourcecode.swift; path = AppDelegate.swift; sourceTree = "<group>"; };
		15FD59191F5F6371000CA7D9 /* ViewController.swift */ = {isa = PBXFileReference; lastKnownFileType = sourcecode.swift; path = ViewController.swift; sourceTree = "<group>"; };
		15FD591C1F5F6371000CA7D9 /* Base */ = {isa = PBXFileReference; lastKnownFileType = file.storyboard; name = Base; path = Base.lproj/Main.storyboard; sourceTree = "<group>"; };
		15FD591E1F5F6371000CA7D9 /* Assets.xcassets */ = {isa = PBXFileReference; lastKnownFileType = folder.assetcatalog; path = Assets.xcassets; sourceTree = "<group>"; };
		15FD59211F5F6371000CA7D9 /* Base */ = {isa = PBXFileReference; lastKnownFileType = file.storyboard; name = Base; path = Base.lproj/LaunchScreen.storyboard; sourceTree = "<group>"; };
		15FD59231F5F6371000CA7D9 /* Info.plist */ = {isa = PBXFileReference; lastKnownFileType = text.plist.xml; path = Info.plist; sourceTree = "<group>"; };
		15FD592C1F5F6398000CA7D9 /* Artist.swift */ = {isa = PBXFileReference; fileEncoding = 4; lastKnownFileType = sourcecode.swift; path = Artist.swift; sourceTree = "<group>"; };
		15FD592E1F5F63EE000CA7D9 /* Genre.swift */ = {isa = PBXFileReference; fileEncoding = 4; lastKnownFileType = sourcecode.swift; path = Genre.swift; sourceTree = "<group>"; };
		15FD59301F5F6448000CA7D9 /* Album.swift */ = {isa = PBXFileReference; fileEncoding = 4; lastKnownFileType = sourcecode.swift; path = Album.swift; sourceTree = "<group>"; };
		15FD59321F5F6699000CA7D9 /* Song.swift */ = {isa = PBXFileReference; fileEncoding = 4; lastKnownFileType = sourcecode.swift; path = Song.swift; sourceTree = "<group>"; };
/* End PBXFileReference section */

/* Begin PBXFrameworksBuildPhase section */
		15FD59111F5F6371000CA7D9 /* Frameworks */ = {
			isa = PBXFrameworksBuildPhase;
			buildActionMask = 2147483647;
			files = (
			);
			runOnlyForDeploymentPostprocessing = 0;
		};
/* End PBXFrameworksBuildPhase section */

/* Begin PBXGroup section */
		15AD6DD31F6104F100DEFA98 /* ViewModels */ = {
			isa = PBXGroup;
			children = (
				15AD6DD41F61050C00DEFA98 /* AlbumCellViewModel.swift */,
				15AD6DD81F610C8700DEFA98 /* AlbumDetailViewModel.swift */,
				15AD6DDE1F610F5C00DEFA98 /* SongViewModel.swift */,
			);
			name = ViewModels;
			sourceTree = "<group>";
		};
		15DCDEDE1F5F6CDF009E202B /* Data Sources */ = {
			isa = PBXGroup;
			children = (
				15DCDEDF1F5F6D01009E202B /* SearchResultsDataSource.swift */,
				15AD6DD11F61041100DEFA98 /* AlbumListDataSource.swift */,
				15AD6DDA1F610E6200DEFA98 /* AlbumDetailDataSource.swift */,
			);
			name = "Data Sources";
			sourceTree = "<group>";
		};
		15FD590B1F5F6371000CA7D9 = {
			isa = PBXGroup;
			children = (
				15FD59161F5F6371000CA7D9 /* SearchTunes */,
				15FD59151F5F6371000CA7D9 /* Products */,
			);
			sourceTree = "<group>";
		};
		15FD59151F5F6371000CA7D9 /* Products */ = {
			isa = PBXGroup;
			children = (
				15FD59141F5F6371000CA7D9 /* SearchTunes.app */,
			);
			name = Products;
			sourceTree = "<group>";
		};
		15FD59161F5F6371000CA7D9 /* SearchTunes */ = {
			isa = PBXGroup;
			children = (
				15AD6DD31F6104F100DEFA98 /* ViewModels */,
				15DCDEDE1F5F6CDF009E202B /* Data Sources */,
				15FD592B1F5F6387000CA7D9 /* Controllers */,
				15FD592A1F5F6383000CA7D9 /* Views */,
				15FD59291F5F6377000CA7D9 /* Models */,
				15FD59171F5F6371000CA7D9 /* AppDelegate.swift */,
				15FD591B1F5F6371000CA7D9 /* Main.storyboard */,
				15FD591E1F5F6371000CA7D9 /* Assets.xcassets */,
				15FD59201F5F6371000CA7D9 /* LaunchScreen.storyboard */,
				15FD59231F5F6371000CA7D9 /* Info.plist */,
			);
			path = SearchTunes;
			sourceTree = "<group>";
		};
		15FD59291F5F6377000CA7D9 /* Models */ = {
			isa = PBXGroup;
			children = (
				15FD592C1F5F6398000CA7D9 /* Artist.swift */,
				15FD592E1F5F63EE000CA7D9 /* Genre.swift */,
				15FD59301F5F6448000CA7D9 /* Album.swift */,
				15FD59321F5F6699000CA7D9 /* Song.swift */,
				15DCDEDA1F5F68AA009E202B /* Stub.swift */,
			);
			name = Models;
			sourceTree = "<group>";
		};
		15FD592A1F5F6383000CA7D9 /* Views */ = {
			isa = PBXGroup;
			children = (
				15AD6DCF1F61029700DEFA98 /* AlbumCell.swift */,
				15AD6DDC1F610ED000DEFA98 /* SongCell.swift */,
			);
			name = Views;
			sourceTree = "<group>";
		};
		15FD592B1F5F6387000CA7D9 /* Controllers */ = {
			isa = PBXGroup;
			children = (
				15FD59191F5F6371000CA7D9 /* ViewController.swift */,
				15DCDEDC1F5F6A4A009E202B /* SearchResultsController.swift */,
				15AD6DCD1F6101FB00DEFA98 /* AlbumListController.swift */,
				15AD6DD61F610B7800DEFA98 /* AlbumDetailController.swift */,
			);
			name = Controllers;
			sourceTree = "<group>";
		};
/* End PBXGroup section */

/* Begin PBXNativeTarget section */
		15FD59131F5F6371000CA7D9 /* SearchTunes */ = {
			isa = PBXNativeTarget;
			buildConfigurationList = 15FD59261F5F6371000CA7D9 /* Build configuration list for PBXNativeTarget "SearchTunes" */;
			buildPhases = (
				15FD59101F5F6371000CA7D9 /* Sources */,
				15FD59111F5F6371000CA7D9 /* Frameworks */,
				15FD59121F5F6371000CA7D9 /* Resources */,
			);
			buildRules = (
			);
			dependencies = (
			);
			name = SearchTunes;
			productName = SearchTunes;
			productReference = 15FD59141F5F6371000CA7D9 /* SearchTunes.app */;
			productType = "com.apple.product-type.application";
		};
/* End PBXNativeTarget section */

/* Begin PBXProject section */
		15FD590C1F5F6371000CA7D9 /* Project object */ = {
			isa = PBXProject;
			attributes = {
				LastSwiftUpdateCheck = 0830;
				LastUpgradeCheck = 0830;
				ORGANIZATIONNAME = "Alberto Jauregui";
				TargetAttributes = {
					15FD59131F5F6371000CA7D9 = {
						CreatedOnToolsVersion = 8.3.3;
						DevelopmentTeam = FJ95Q8249X;
						ProvisioningStyle = Automatic;
					};
				};
			};
			buildConfigurationList = 15FD590F1F5F6371000CA7D9 /* Build configuration list for PBXProject "SearchTunes" */;
			compatibilityVersion = "Xcode 3.2";
			developmentRegion = English;
			hasScannedForEncodings = 0;
			knownRegions = (
				en,
				Base,
			);
			mainGroup = 15FD590B1F5F6371000CA7D9;
			productRefGroup = 15FD59151F5F6371000CA7D9 /* Products */;
			projectDirPath = "";
			projectRoot = "";
			targets = (
				15FD59131F5F6371000CA7D9 /* SearchTunes */,
			);
		};
/* End PBXProject section */

/* Begin PBXResourcesBuildPhase section */
		15FD59121F5F6371000CA7D9 /* Resources */ = {
			isa = PBXResourcesBuildPhase;
			buildActionMask = 2147483647;
			files = (
				15FD59221F5F6371000CA7D9 /* LaunchScreen.storyboard in Resources */,
				15FD591F1F5F6371000CA7D9 /* Assets.xcassets in Resources */,
				15FD591D1F5F6371000CA7D9 /* Main.storyboard in Resources */,
			);
			runOnlyForDeploymentPostprocessing = 0;
		};
/* End PBXResourcesBuildPhase section */

/* Begin PBXSourcesBuildPhase section */
		15FD59101F5F6371000CA7D9 /* Sources */ = {
			isa = PBXSourcesBuildPhase;
			buildActionMask = 2147483647;
			files = (
				15FD59331F5F6699000CA7D9 /* Song.swift in Sources */,
				15FD592D1F5F6398000CA7D9 /* Artist.swift in Sources */,
				15FD591A1F5F6371000CA7D9 /* ViewController.swift in Sources */,
				15AD6DD51F61050C00DEFA98 /* AlbumCellViewModel.swift in Sources */,
				15FD59181F5F6371000CA7D9 /* AppDelegate.swift in Sources */,
				15AD6DDB1F610E6200DEFA98 /* AlbumDetailDataSource.swift in Sources */,
				15AD6DD21F61041100DEFA98 /* AlbumListDataSource.swift in Sources */,
				15AD6DDF1F610F5C00DEFA98 /* SongViewModel.swift in Sources */,
				15AD6DD71F610B7800DEFA98 /* AlbumDetailController.swift in Sources */,
				15DCDEDD1F5F6A4A009E202B /* SearchResultsController.swift in Sources */,
				15AD6DCE1F6101FB00DEFA98 /* AlbumListController.swift in Sources */,
				15AD6DDD1F610ED000DEFA98 /* SongCell.swift in Sources */,
				15FD592F1F5F63EE000CA7D9 /* Genre.swift in Sources */,
				15FD59311F5F6448000CA7D9 /* Album.swift in Sources */,
				15DCDEE01F5F6D01009E202B /* SearchResultsDataSource.swift in Sources */,
				15AD6DD01F61029700DEFA98 /* AlbumCell.swift in Sources */,
				15DCDEDB1F5F68AA009E202B /* Stub.swift in Sources */,
				15AD6DD91F610C8700DEFA98 /* AlbumDetailViewModel.swift in Sources */,
			);
			runOnlyForDeploymentPostprocessing = 0;
		};
/* End PBXSourcesBuildPhase section */

/* Begin PBXVariantGroup section */
		15FD591B1F5F6371000CA7D9 /* Main.storyboard */ = {
			isa = PBXVariantGroup;
			children = (
				15FD591C1F5F6371000CA7D9 /* Base */,
			);
			name = Main.storyboard;
			sourceTree = "<group>";
		};
		15FD59201F5F6371000CA7D9 /* LaunchScreen.storyboard */ = {
			isa = PBXVariantGroup;
			children = (
				15FD59211F5F6371000CA7D9 /* Base */,
			);
			name = LaunchScreen.storyboard;
			sourceTree = "<group>";
		};
/* End PBXVariantGroup section */

/* Begin XCBuildConfiguration section */
		15FD59241F5F6371000CA7D9 /* Debug */ = {
			isa = XCBuildConfiguration;
			buildSettings = {
				ALWAYS_SEARCH_USER_PATHS = NO;
				CLANG_ANALYZER_NONNULL = YES;
				CLANG_ANALYZER_NUMBER_OBJECT_CONVERSION = YES_AGGRESSIVE;
				CLANG_CXX_LANGUAGE_STANDARD = "gnu++0x";
				CLANG_CXX_LIBRARY = "libc++";
				CLANG_ENABLE_MODULES = YES;
				CLANG_ENABLE_OBJC_ARC = YES;
				CLANG_WARN_BOOL_CONVERSION = YES;
				CLANG_WARN_CONSTANT_CONVERSION = YES;
				CLANG_WARN_DIRECT_OBJC_ISA_USAGE = YES_ERROR;
				CLANG_WARN_DOCUMENTATION_COMMENTS = YES;
				CLANG_WARN_EMPTY_BODY = YES;
				CLANG_WARN_ENUM_CONVERSION = YES;
				CLANG_WARN_INFINITE_RECURSION = YES;
				CLANG_WARN_INT_CONVERSION = YES;
				CLANG_WARN_OBJC_ROOT_CLASS = YES_ERROR;
				CLANG_WARN_SUSPICIOUS_MOVE = YES;
				CLANG_WARN_UNREACHABLE_CODE = YES;
				CLANG_WARN__DUPLICATE_METHOD_MATCH = YES;
				"CODE_SIGN_IDENTITY[sdk=iphoneos*]" = "iPhone Developer";
				COPY_PHASE_STRIP = NO;
				DEBUG_INFORMATION_FORMAT = dwarf;
				ENABLE_STRICT_OBJC_MSGSEND = YES;
				ENABLE_TESTABILITY = YES;
				GCC_C_LANGUAGE_STANDARD = gnu99;
				GCC_DYNAMIC_NO_PIC = NO;
				GCC_NO_COMMON_BLOCKS = YES;
				GCC_OPTIMIZATION_LEVEL = 0;
				GCC_PREPROCESSOR_DEFINITIONS = (
					"DEBUG=1",
					"$(inherited)",
				);
				GCC_WARN_64_TO_32_BIT_CONVERSION = YES;
				GCC_WARN_ABOUT_RETURN_TYPE = YES_ERROR;
				GCC_WARN_UNDECLARED_SELECTOR = YES;
				GCC_WARN_UNINITIALIZED_AUTOS = YES_AGGRESSIVE;
				GCC_WARN_UNUSED_FUNCTION = YES;
				GCC_WARN_UNUSED_VARIABLE = YES;
				IPHONEOS_DEPLOYMENT_TARGET = 10.3;
				MTL_ENABLE_DEBUG_INFO = YES;
				ONLY_ACTIVE_ARCH = YES;
				SDKROOT = iphoneos;
				SWIFT_ACTIVE_COMPILATION_CONDITIONS = DEBUG;
				SWIFT_OPTIMIZATION_LEVEL = "-Onone";
			};
			name = Debug;
		};
		15FD59251F5F6371000CA7D9 /* Release */ = {
			isa = XCBuildConfiguration;
			buildSettings = {
				ALWAYS_SEARCH_USER_PATHS = NO;
				CLANG_ANALYZER_NONNULL = YES;
				CLANG_ANALYZER_NUMBER_OBJECT_CONVERSION = YES_AGGRESSIVE;
				CLANG_CXX_LANGUAGE_STANDARD = "gnu++0x";
				CLANG_CXX_LIBRARY = "libc++";
				CLANG_ENABLE_MODULES = YES;
				CLANG_ENABLE_OBJC_ARC = YES;
				CLANG_WARN_BOOL_CONVERSION = YES;
				CLANG_WARN_CONSTANT_CONVERSION = YES;
				CLANG_WARN_DIRECT_OBJC_ISA_USAGE = YES_ERROR;
				CLANG_WARN_DOCUMENTATION_COMMENTS = YES;
				CLANG_WARN_EMPTY_BODY = YES;
				CLANG_WARN_ENUM_CONVERSION = YES;
				CLANG_WARN_INFINITE_RECURSION = YES;
				CLANG_WARN_INT_CONVERSION = YES;
				CLANG_WARN_OBJC_ROOT_CLASS = YES_ERROR;
				CLANG_WARN_SUSPICIOUS_MOVE = YES;
				CLANG_WARN_UNREACHABLE_CODE = YES;
				CLANG_WARN__DUPLICATE_METHOD_MATCH = YES;
				"CODE_SIGN_IDENTITY[sdk=iphoneos*]" = "iPhone Developer";
				COPY_PHASE_STRIP = NO;
				DEBUG_INFORMATION_FORMAT = "dwarf-with-dsym";
				ENABLE_NS_ASSERTIONS = NO;
				ENABLE_STRICT_OBJC_MSGSEND = YES;
				GCC_C_LANGUAGE_STANDARD = gnu99;
				GCC_NO_COMMON_BLOCKS = YES;
				GCC_WARN_64_TO_32_BIT_CONVERSION = YES;
				GCC_WARN_ABOUT_RETURN_TYPE = YES_ERROR;
				GCC_WARN_UNDECLARED_SELECTOR = YES;
				GCC_WARN_UNINITIALIZED_AUTOS = YES_AGGRESSIVE;
				GCC_WARN_UNUSED_FUNCTION = YES;
				GCC_WARN_UNUSED_VARIABLE = YES;
				IPHONEOS_DEPLOYMENT_TARGET = 10.3;
				MTL_ENABLE_DEBUG_INFO = NO;
				SDKROOT = iphoneos;
				SWIFT_OPTIMIZATION_LEVEL = "-Owholemodule";
				VALIDATE_PRODUCT = YES;
			};
			name = Release;
		};
		15FD59271F5F6371000CA7D9 /* Debug */ = {
			isa = XCBuildConfiguration;
			buildSettings = {
				ASSETCATALOG_COMPILER_APPICON_NAME = AppIcon;
				DEVELOPMENT_TEAM = FJ95Q8249X;
				INFOPLIST_FILE = SearchTunes/Info.plist;
				LD_RUNPATH_SEARCH_PATHS = "$(inherited) @executable_path/Frameworks";
				PRODUCT_BUNDLE_IDENTIFIER = com.albertojauregui.SearchTunes;
				PRODUCT_NAME = "$(TARGET_NAME)";
				SWIFT_VERSION = 3.0;
			};
			name = Debug;
		};
		15FD59281F5F6371000CA7D9 /* Release */ = {
			isa = XCBuildConfiguration;
			buildSettings = {
				ASSETCATALOG_COMPILER_APPICON_NAME = AppIcon;
				DEVELOPMENT_TEAM = FJ95Q8249X;
				INFOPLIST_FILE = SearchTunes/Info.plist;
				LD_RUNPATH_SEARCH_PATHS = "$(inherited) @executable_path/Frameworks";
				PRODUCT_BUNDLE_IDENTIFIER = com.albertojauregui.SearchTunes;
				PRODUCT_NAME = "$(TARGET_NAME)";
				SWIFT_VERSION = 3.0;
			};
			name = Release;
		};
/* End XCBuildConfiguration section */

/* Begin XCConfigurationList section */
		15FD590F1F5F6371000CA7D9 /* Build configuration list for PBXProject "SearchTunes" */ = {
			isa = XCConfigurationList;
			buildConfigurations = (
				15FD59241F5F6371000CA7D9 /* Debug */,
				15FD59251F5F6371000CA7D9 /* Release */,
			);
			defaultConfigurationIsVisible = 0;
			defaultConfigurationName = Release;
		};
		15FD59261F5F6371000CA7D9 /* Build configuration list for PBXNativeTarget "SearchTunes" */ = {
			isa = XCConfigurationList;
			buildConfigurations = (
				15FD59271F5F6371000CA7D9 /* Debug */,
				15FD59281F5F6371000CA7D9 /* Release */,
			);
			defaultConfigurationIsVisible = 0;
			defaultConfigurationName = Release;
		};
/* End XCConfigurationList section */
	};
	rootObject = 15FD590C1F5F6371000CA7D9 /* Project object */;
}
